{
    "_readme": [
        "This file locks the dependencies of your project to a known state",
        "Read more about it at https://getcomposer.org/doc/01-basic-usage.md#composer-lock-the-lock-file",
        "This file is @generated automatically"
    ],
    "content-hash": "d94a07450bb8c00489e36dcc512a1dce",
    "packages": [
        {
            "name": "windwork/wf",
            "version": "0.6.1",
            "source": {
                "type": "git",
                "url": "https://github.com/windwork/wf.git",
                "reference": "dc98590f0a1867f43fe9de76a5d6204754b2fb7c"
            },
            "dist": {
                "type": "zip",
                "url": "https://files.phpcomposer.com/files/windwork/wf/dc98590f0a1867f43fe9de76a5d6204754b2fb7c.zip",
                "reference": "dc98590f0a1867f43fe9de76a5d6204754b2fb7c",
                "shasum": ""
            },
            "require": {
                "ext-gd": "*",
                "ext-mbstring": "*",
                "ext-pdo_mysql": "*",
                "php": ">=5.5.0"
            },
            "type": "project",
            "autoload": {
                "files": [
                    "src/core/lib/Loader.php"
                ]
            },
            "notification-url": "https://packagist.org/downloads/",
            "license": [
                "MIT"
            ],
            "authors": [
                {
                    "name": "Windwork Community",
                    "homepage": "http://windwork.org"
                }
            ],
            "description": "Windwork, easy,quick,performance oop mvc web framework",
            "time": "2017-07-03T17:30:00+00:00"
        }
    ],
    "packages-dev": [],
    "aliases": [],
    "minimum-stability": "stable",
    "stability-flags": [],
    "prefer-stable": false,
    "prefer-lowest": false,
    "platform": {
        "php": ">=5.5.0",
        "ext-gd": "*",
        "ext-pdo_mysql": "*",
        "ext-mbstring": "*"
    },
    "platform-dev": []
}
